
Microsoft Visual Studio Solution File, Format Version 12.00
Project("{FAE04EC0-301F-11D3-BF4B-00C04F79EFBC}") = "Insurance.Api", "Insurance.Api\Insurance.Api.csproj", "{5C4C28C8-40DF-4E02-8431-FFCAB8FB7B09}"
EndProject
Project("{FAE04EC0-301F-11D3-BF4B-00C04F79EFBC}") = "Insurance.Common", "Insurance.Common\Insurance.Common.csproj", "{F2091826-857D-4B4C-91C1-1B4EDC784D62}"
EndProject
Project("{FAE04EC0-301F-11D3-BF4B-00C04F79EFBC}") = "Insurance.Service", "Insurance.Service\Insurance.Service.csproj", "{CE34EAAB-5335-4F8F-8088-E470BE5B53F4}"
EndProject
Global
	GlobalSection(SolutionConfigurationPlatforms) = preSolution
		Debug|Any CPU = Debug|Any CPU
		Release|Any CPU = Release|Any CPU
	EndGlobalSection
	GlobalSection(ProjectConfigurationPlatforms) = postSolution
		{5C4C28C8-40DF-4E02-8431-FFCAB8FB7B09}.Debug|Any CPU.ActiveCfg = Debug|Any CPU
		{5C4C28C8-40DF-4E02-8431-FFCAB8FB7B09}.Debug|Any CPU.Build.0 = Debug|Any CPU
		{5C4C28C8-40DF-4E02-8431-FFCAB8FB7B09}.Release|Any CPU.ActiveCfg = Release|Any CPU
		{5C4C28C8-40DF-4E02-8431-FFCAB8FB7B09}.Release|Any CPU.Build.0 = Release|Any CPU
		{F2091826-857D-4B4C-91C1-1B4EDC784D62}.Debug|Any CPU.ActiveCfg = Debug|Any CPU
		{F2091826-857D-4B4C-91C1-1B4EDC784D62}.Debug|Any CPU.Build.0 = Debug|Any CPU
		{F2091826-857D-4B4C-91C1-1B4EDC784D62}.Release|Any CPU.ActiveCfg = Release|Any CPU
		{F2091826-857D-4B4C-91C1-1B4EDC784D62}.Release|Any CPU.Build.0 = Release|Any CPU
		{CE34EAAB-5335-4F8F-8088-E470BE5B53F4}.Debug|Any CPU.ActiveCfg = Debug|Any CPU
		{CE34EAAB-5335-4F8F-8088-E470BE5B53F4}.Debug|Any CPU.Build.0 = Debug|Any CPU
		{CE34EAAB-5335-4F8F-8088-E470BE5B53F4}.Release|Any CPU.ActiveCfg = Release|Any CPU
		{CE34EAAB-5335-4F8F-8088-E470BE5B53F4}.Release|Any CPU.Build.0 = Release|Any CPU
	EndGlobalSection
EndGlobal
